
Microsoft Visual Studio Solution File, Format Version 12.00
# Visual Studio Version 17
VisualStudioVersion = 17.3.32825.248
MinimumVisualStudioVersion = 10.0.40219.1
Project("{FAE04EC0-301F-11D3-BF4B-00C04F79EFBC}") = "SuperHeroes", "SuperHeroes\SuperHeroes.csproj", "{99ACD89A-8DEB-4392-B38A-A6C7926C6B0E}"
EndProject
Global
	GlobalSection(SolutionConfigurationPlatforms) = preSolution
		Debug|Any CPU = Debug|Any CPU
		Release|Any CPU = Release|Any CPU
	EndGlobalSection
	GlobalSection(ProjectConfigurationPlatforms) = postSolution
		{99ACD89A-8DEB-4392-B38A-A6C7926C6B0E}.Debug|Any CPU.ActiveCfg = Debug|Any CPU
		{99ACD89A-8DEB-4392-B38A-A6C7926C6B0E}.Debug|Any CPU.Build.0 = Debug|Any CPU
		{99ACD89A-8DEB-4392-B38A-A6C7926C6B0E}.Release|Any CPU.ActiveCfg = Release|Any CPU
		{99ACD89A-8DEB-4392-B38A-A6C7926C6B0E}.Release|Any CPU.Build.0 = Release|Any CPU
	EndGlobalSection
	GlobalSection(SolutionProperties) = preSolution
		HideSolutionNode = FALSE
	EndGlobalSection
	GlobalSection(ExtensibilityGlobals) = postSolution
		SolutionGuid = {B69FAA1E-7864-455B-9A9C-E4598E6535DA}
	EndGlobalSection
EndGlobal
